// !$*UTF8*$!
{
	archiveVersion = 1;
	classes = {
	};
	objectVersion = 77;
	objects = {

/* Begin PBXBuildFile section */
		D3EB232F2D7AD56600F4B7BC /* PhotoSourceSelector.swift in Sources */ = {isa = PBXBuildFile; fileRef = D3EB232E2D7AD56600F4B7BC /* PhotoSourceSelector.swift */; };
		D3EB23302D7AD56600F4B7BC /* PhotoSourceSelector.swift in Sources */ = {isa = PBXBuildFile; fileRef = D3EB232E2D7AD56600F4B7BC /* PhotoSourceSelector.swift */; };
		D3EB23312D7AD56600F4B7BC /* PhotoSourceSelector.swift in Sources */ = {isa = PBXBuildFile; fileRef = D3EB232E2D7AD56600F4B7BC /* PhotoSourceSelector.swift */; };
		D3EB23372D7AD67900F4B7BC /* PhotoDetailView.swift in Sources */ = {isa = PBXBuildFile; fileRef = D3EB23362D7AD67900F4B7BC /* PhotoDetailView.swift */; };
		D3EB23382D7AD67900F4B7BC /* PhotoDetailView.swift in Sources */ = {isa = PBXBuildFile; fileRef = D3EB23362D7AD67900F4B7BC /* PhotoDetailView.swift */; };
		D3EB23392D7AD67900F4B7BC /* PhotoDetailView.swift in Sources */ = {isa = PBXBuildFile; fileRef = D3EB23362D7AD67900F4B7BC /* PhotoDetailView.swift */; };
		D3EB233F2DA397C700F4B7BC /* OpenAIService.swift in Sources */ = {isa = PBXBuildFile; fileRef = D3EB233E2DA397BF00F4B7BC /* OpenAIService.swift */; };
		D3EB23402DA397C700F4B7BC /* OpenAIService.swift in Sources */ = {isa = PBXBuildFile; fileRef = D3EB233E2DA397BF00F4B7BC /* OpenAIService.swift */; };
		D3EB23412DA397C700F4B7BC /* OpenAIService.swift in Sources */ = {isa = PBXBuildFile; fileRef = D3EB233E2DA397BF00F4B7BC /* OpenAIService.swift */; };
		D3EB23432DA3980800F4B7BC /* AppSettings.swift in Sources */ = {isa = PBXBuildFile; fileRef = D3EB23422DA3980700F4B7BC /* AppSettings.swift */; };
		D3EB23442DA3980800F4B7BC /* AppSettings.swift in Sources */ = {isa = PBXBuildFile; fileRef = D3EB23422DA3980700F4B7BC /* AppSettings.swift */; };
		D3EB23452DA3980800F4B7BC /* AppSettings.swift in Sources */ = {isa = PBXBuildFile; fileRef = D3EB23422DA3980700F4B7BC /* AppSettings.swift */; };
		D3EB23952DA3AD2700F4B7BC /* ItemModel.swift in Sources */ = {isa = PBXBuildFile; fileRef = D3EB23942DA3AD2400F4B7BC /* ItemModel.swift */; };
		D3EB23962DA3AD2700F4B7BC /* ItemModel.swift in Sources */ = {isa = PBXBuildFile; fileRef = D3EB23942DA3AD2400F4B7BC /* ItemModel.swift */; };
		D3EB23972DA3AD2700F4B7BC /* ItemModel.swift in Sources */ = {isa = PBXBuildFile; fileRef = D3EB23942DA3AD2400F4B7BC /* ItemModel.swift */; };
		D3EB23992DA3AD4400F4B7BC /* ItemPriceListView.swift in Sources */ = {isa = PBXBuildFile; fileRef = D3EB23982DA3AD4100F4B7BC /* ItemPriceListView.swift */; };
		D3EB239A2DA3AD4400F4B7BC /* ItemPriceListView.swift in Sources */ = {isa = PBXBuildFile; fileRef = D3EB23982DA3AD4100F4B7BC /* ItemPriceListView.swift */; };
		D3EB239B2DA3AD4400F4B7BC /* ItemPriceListView.swift in Sources */ = {isa = PBXBuildFile; fileRef = D3EB23982DA3AD4100F4B7BC /* ItemPriceListView.swift */; };
		DA5CB2FE2D7ABD3A00304BCF /* ContentView.swift in Sources */ = {isa = PBXBuildFile; fileRef = DA5CB2F12D7ABD3A00304BCF /* ContentView.swift */; };
		DA5CB3002D7ABD3A00304BCF /* PhotoEntry.swift in Sources */ = {isa = PBXBuildFile; fileRef = DA5CB2F52D7ABD3A00304BCF /* PhotoEntry.swift */; };
		DA5CB3012D7ABD3A00304BCF /* ImagePicker.swift in Sources */ = {isa = PBXBuildFile; fileRef = DA5CB2F22D7ABD3A00304BCF /* ImagePicker.swift */; };
		DA5CB3022D7ABD3A00304BCF /* MyStuffApp.swift in Sources */ = {isa = PBXBuildFile; fileRef = DA5CB2F32D7ABD3A00304BCF /* MyStuffApp.swift */; };
		DA5CB3032D7ABD3A00304BCF /* PDFGenerator.swift in Sources */ = {isa = PBXBuildFile; fileRef = DA5CB2F42D7ABD3A00304BCF /* PDFGenerator.swift */; };
		DA5CB3052D7ABD3A00304BCF /* PhotoStore.swift in Sources */ = {isa = PBXBuildFile; fileRef = DA5CB2F62D7ABD3A00304BCF /* PhotoStore.swift */; };
		DA5CB3062D7ABD3A00304BCF /* ShareSheet.swift in Sources */ = {isa = PBXBuildFile; fileRef = DA5CB2F72D7ABD3A00304BCF /* ShareSheet.swift */; };
		DA5CB3082D7ABD3A00304BCF /* Preview Assets.xcassets in Resources */ = {isa = PBXBuildFile; fileRef = DA5CB2EE2D7ABD3A00304BCF /* Preview Assets.xcassets */; };
		DA5CB3092D7ABD3A00304BCF /* Assets.xcassets in Resources */ = {isa = PBXBuildFile; fileRef = DA5CB2F02D7ABD3A00304BCF /* Assets.xcassets */; };
		DA5CB30A2D7ABD3A00304BCF /* ContentView.swift in Sources */ = {isa = PBXBuildFile; fileRef = DA5CB2F12D7ABD3A00304BCF /* ContentView.swift */; };
		DA5CB30C2D7ABD3A00304BCF /* PhotoEntry.swift in Sources */ = {isa = PBXBuildFile; fileRef = DA5CB2F52D7ABD3A00304BCF /* PhotoEntry.swift */; };
		DA5CB30D2D7ABD3A00304BCF /* ImagePicker.swift in Sources */ = {isa = PBXBuildFile; fileRef = DA5CB2F22D7ABD3A00304BCF /* ImagePicker.swift */; };
		DA5CB30E2D7ABD3A00304BCF /* MyStuffApp.swift in Sources */ = {isa = PBXBuildFile; fileRef = DA5CB2F32D7ABD3A00304BCF /* MyStuffApp.swift */; };
		DA5CB30F2D7ABD3A00304BCF /* PDFGenerator.swift in Sources */ = {isa = PBXBuildFile; fileRef = DA5CB2F42D7ABD3A00304BCF /* PDFGenerator.swift */; };
		DA5CB3112D7ABD3A00304BCF /* PhotoStore.swift in Sources */ = {isa = PBXBuildFile; fileRef = DA5CB2F62D7ABD3A00304BCF /* PhotoStore.swift */; };
		DA5CB3122D7ABD3A00304BCF /* ShareSheet.swift in Sources */ = {isa = PBXBuildFile; fileRef = DA5CB2F72D7ABD3A00304BCF /* ShareSheet.swift */; };
		DA5CB3142D7ABD3A00304BCF /* Preview Assets.xcassets in Resources */ = {isa = PBXBuildFile; fileRef = DA5CB2EE2D7ABD3A00304BCF /* Preview Assets.xcassets */; };
		DA5CB3152D7ABD3A00304BCF /* Assets.xcassets in Resources */ = {isa = PBXBuildFile; fileRef = DA5CB2F02D7ABD3A00304BCF /* Assets.xcassets */; };
		DA5CB3162D7ABD3A00304BCF /* ContentView.swift in Sources */ = {isa = PBXBuildFile; fileRef = DA5CB2F12D7ABD3A00304BCF /* ContentView.swift */; };
		DA5CB3182D7ABD3A00304BCF /* PhotoEntry.swift in Sources */ = {isa = PBXBuildFile; fileRef = DA5CB2F52D7ABD3A00304BCF /* PhotoEntry.swift */; };
		DA5CB3192D7ABD3A00304BCF /* ImagePicker.swift in Sources */ = {isa = PBXBuildFile; fileRef = DA5CB2F22D7ABD3A00304BCF /* ImagePicker.swift */; };
		DA5CB31A2D7ABD3A00304BCF /* MyStuffApp.swift in Sources */ = {isa = PBXBuildFile; fileRef = DA5CB2F32D7ABD3A00304BCF /* MyStuffApp.swift */; };
		DA5CB31B2D7ABD3A00304BCF /* PDFGenerator.swift in Sources */ = {isa = PBXBuildFile; fileRef = DA5CB2F42D7ABD3A00304BCF /* PDFGenerator.swift */; };
		DA5CB31D2D7ABD3A00304BCF /* PhotoStore.swift in Sources */ = {isa = PBXBuildFile; fileRef = DA5CB2F62D7ABD3A00304BCF /* PhotoStore.swift */; };
		DA5CB31E2D7ABD3A00304BCF /* ShareSheet.swift in Sources */ = {isa = PBXBuildFile; fileRef = DA5CB2F72D7ABD3A00304BCF /* ShareSheet.swift */; };
		DA5CB3202D7ABD3A00304BCF /* Preview Assets.xcassets in Resources */ = {isa = PBXBuildFile; fileRef = DA5CB2EE2D7ABD3A00304BCF /* Preview Assets.xcassets */; };
		DA5CB3212D7ABD3A00304BCF /* Assets.xcassets in Resources */ = {isa = PBXBuildFile; fileRef = DA5CB2F02D7ABD3A00304BCF /* Assets.xcassets */; };
		DA65CE7C2D7AB881005A0CD6 /* PDFKit.framework in Frameworks */ = {isa = PBXBuildFile; fileRef = DA65CE7B2D7AB881005A0CD6 /* PDFKit.framework */; settings = {ATTRIBUTES = (Required, ); }; };
/* End PBXBuildFile section */

/* Begin PBXContainerItemProxy section */
		DA65CE562D7AAEC9005A0CD6 /* PBXContainerItemProxy */ = {
			isa = PBXContainerItemProxy;
			containerPortal = DA65CE3D2D7AAEC8005A0CD6 /* Project object */;
			proxyType = 1;
			remoteGlobalIDString = DA65CE442D7AAEC8005A0CD6;
			remoteInfo = PhotoNote;
		};
		DA65CE602D7AAEC9005A0CD6 /* PBXContainerItemProxy */ = {
			isa = PBXContainerItemProxy;
			containerPortal = DA65CE3D2D7AAEC8005A0CD6 /* Project object */;
			proxyType = 1;
			remoteGlobalIDString = DA65CE442D7AAEC8005A0CD6;
			remoteInfo = PhotoNote;
		};
/* End PBXContainerItemProxy section */

/* Begin PBXFileReference section */
		D3EB232E2D7AD56600F4B7BC /* PhotoSourceSelector.swift */ = {isa = PBXFileReference; lastKnownFileType = sourcecode.swift; path = PhotoSourceSelector.swift; sourceTree = "<group>"; };
		D3EB23362D7AD67900F4B7BC /* PhotoDetailView.swift */ = {isa = PBXFileReference; lastKnownFileType = sourcecode.swift; path = PhotoDetailView.swift; sourceTree = "<group>"; };
		D3EB233E2DA397BF00F4B7BC /* OpenAIService.swift */ = {isa = PBXFileReference; lastKnownFileType = sourcecode.swift; path = OpenAIService.swift; sourceTree = "<group>"; };
		D3EB23422DA3980700F4B7BC /* AppSettings.swift */ = {isa = PBXFileReference; lastKnownFileType = sourcecode.swift; path = AppSettings.swift; sourceTree = "<group>"; };
		D3EB23942DA3AD2400F4B7BC /* ItemModel.swift */ = {isa = PBXFileReference; lastKnownFileType = sourcecode.swift; path = ItemModel.swift; sourceTree = "<group>"; };
		D3EB23982DA3AD4100F4B7BC /* ItemPriceListView.swift */ = {isa = PBXFileReference; lastKnownFileType = sourcecode.swift; path = ItemPriceListView.swift; sourceTree = "<group>"; };
		DA5CB2EE2D7ABD3A00304BCF /* Preview Assets.xcassets */ = {isa = PBXFileReference; lastKnownFileType = folder.assetcatalog; path = "Preview Assets.xcassets"; sourceTree = "<group>"; };
		DA5CB2F02D7ABD3A00304BCF /* Assets.xcassets */ = {isa = PBXFileReference; lastKnownFileType = folder.assetcatalog; path = Assets.xcassets; sourceTree = "<group>"; };
		DA5CB2F12D7ABD3A00304BCF /* ContentView.swift */ = {isa = PBXFileReference; lastKnownFileType = sourcecode.swift; path = ContentView.swift; sourceTree = "<group>"; };
		DA5CB2F22D7ABD3A00304BCF /* ImagePicker.swift */ = {isa = PBXFileReference; lastKnownFileType = sourcecode.swift; path = ImagePicker.swift; sourceTree = "<group>"; };
		DA5CB2F32D7ABD3A00304BCF /* MyStuffApp.swift */ = {isa = PBXFileReference; lastKnownFileType = sourcecode.swift; path = MyStuffApp.swift; sourceTree = "<group>"; };
		DA5CB2F42D7ABD3A00304BCF /* PDFGenerator.swift */ = {isa = PBXFileReference; lastKnownFileType = sourcecode.swift; path = PDFGenerator.swift; sourceTree = "<group>"; };
		DA5CB2F52D7ABD3A00304BCF /* PhotoEntry.swift */ = {isa = PBXFileReference; lastKnownFileType = sourcecode.swift; path = PhotoEntry.swift; sourceTree = "<group>"; };
		DA5CB2F62D7ABD3A00304BCF /* PhotoStore.swift */ = {isa = PBXFileReference; lastKnownFileType = sourcecode.swift; path = PhotoStore.swift; sourceTree = "<group>"; };
		DA5CB2F72D7ABD3A00304BCF /* ShareSheet.swift */ = {isa = PBXFileReference; lastKnownFileType = sourcecode.swift; path = ShareSheet.swift; sourceTree = "<group>"; };
		DA5CB3222D7ABDED00304BCF /* Testing.framework */ = {isa = PBXFileReference; lastKnownFileType = wrapper.framework; name = Testing.framework; path = Platforms/iPhoneOS.platform/Developer/Library/Frameworks/Testing.framework; sourceTree = DEVELOPER_DIR; };
		DA65CE452D7AAEC8005A0CD6 /* MyStuff.app */ = {isa = PBXFileReference; explicitFileType = wrapper.application; includeInIndex = 0; path = MyStuff.app; sourceTree = BUILT_PRODUCTS_DIR; };
		DA65CE552D7AAEC9005A0CD6 /* MyStuffTests.xctest */ = {isa = PBXFileReference; explicitFileType = wrapper.cfbundle; includeInIndex = 0; path = MyStuffTests.xctest; sourceTree = BUILT_PRODUCTS_DIR; };
		DA65CE5F2D7AAEC9005A0CD6 /* MyStuffUITests.xctest */ = {isa = PBXFileReference; explicitFileType = wrapper.cfbundle; includeInIndex = 0; path = MyStuffUITests.xctest; sourceTree = BUILT_PRODUCTS_DIR; };
		DA65CE7B2D7AB881005A0CD6 /* PDFKit.framework */ = {isa = PBXFileReference; lastKnownFileType = wrapper.framework; name = PDFKit.framework; path = System/Library/Frameworks/PDFKit.framework; sourceTree = SDKROOT; };
		DA78A87B2D7AC132008FE4B8 /* XCTest.framework */ = {isa = PBXFileReference; lastKnownFileType = wrapper.framework; name = XCTest.framework; path = Platforms/iPhoneOS.platform/Developer/Library/Frameworks/XCTest.framework; sourceTree = DEVELOPER_DIR; };
/* End PBXFileReference section */

/* Begin PBXFrameworksBuildPhase section */
		DA65CE422D7AAEC8005A0CD6 /* Frameworks */ = {
			isa = PBXFrameworksBuildPhase;
			buildActionMask = 2147483647;
			files = (
				DA65CE7C2D7AB881005A0CD6 /* PDFKit.framework in Frameworks */,
			);
			runOnlyForDeploymentPostprocessing = 0;
		};
		DA65CE522D7AAEC9005A0CD6 /* Frameworks */ = {
			isa = PBXFrameworksBuildPhase;
			buildActionMask = 2147483647;
			files = (
			);
			runOnlyForDeploymentPostprocessing = 0;
		};
		DA65CE5C2D7AAEC9005A0CD6 /* Frameworks */ = {
			isa = PBXFrameworksBuildPhase;
			buildActionMask = 2147483647;
			files = (
			);
			runOnlyForDeploymentPostprocessing = 0;
		};
/* End PBXFrameworksBuildPhase section */

/* Begin PBXGroup section */
		DA5CB2EF2D7ABD3A00304BCF /* Preview Content */ = {
			isa = PBXGroup;
			children = (
				DA5CB2EE2D7ABD3A00304BCF /* Preview Assets.xcassets */,
			);
			path = "Preview Content";
			sourceTree = "<group>";
		};
		DA5CB2F82D7ABD3A00304BCF /* MyStuff */ = {
			isa = PBXGroup;
			children = (
				D3EB23942DA3AD2400F4B7BC /* ItemModel.swift */,
				D3EB23982DA3AD4100F4B7BC /* ItemPriceListView.swift */,
				DA5CB2EF2D7ABD3A00304BCF /* Preview Content */,
				DA5CB2F02D7ABD3A00304BCF /* Assets.xcassets */,
				DA5CB2F12D7ABD3A00304BCF /* ContentView.swift */,
				D3EB23362D7AD67900F4B7BC /* PhotoDetailView.swift */,
				DA5CB2F22D7ABD3A00304BCF /* ImagePicker.swift */,
				DA5CB2F32D7ABD3A00304BCF /* MyStuffApp.swift */,
				D3EB232E2D7AD56600F4B7BC /* PhotoSourceSelector.swift */,
				DA5CB2F42D7ABD3A00304BCF /* PDFGenerator.swift */,
				DA5CB2F52D7ABD3A00304BCF /* PhotoEntry.swift */,
				DA5CB2F62D7ABD3A00304BCF /* PhotoStore.swift */,
				DA5CB2F72D7ABD3A00304BCF /* ShareSheet.swift */,
				D3EB233E2DA397BF00F4B7BC /* OpenAIService.swift */,
				D3EB23422DA3980700F4B7BC /* AppSettings.swift */,
			);
			path = MyStuff;
			sourceTree = "<group>";
		};
		DA65CE3C2D7AAEC8005A0CD6 = {
			isa = PBXGroup;
			children = (
				DA5CB2F82D7ABD3A00304BCF /* MyStuff */,
				DA65CE7A2D7AB880005A0CD6 /* Frameworks */,
				DA65CE462D7AAEC8005A0CD6 /* Products */,
			);
			sourceTree = "<group>";
		};
		DA65CE462D7AAEC8005A0CD6 /* Products */ = {
			isa = PBXGroup;
			children = (
				DA65CE452D7AAEC8005A0CD6 /* MyStuff.app */,
				DA65CE552D7AAEC9005A0CD6 /* MyStuffTests.xctest */,
				DA65CE5F2D7AAEC9005A0CD6 /* MyStuffUITests.xctest */,
			);
			name = Products;
			sourceTree = "<group>";
		};
		DA65CE7A2D7AB880005A0CD6 /* Frameworks */ = {
			isa = PBXGroup;
			children = (
				DA78A87B2D7AC132008FE4B8 /* XCTest.framework */,
				DA5CB3222D7ABDED00304BCF /* Testing.framework */,
				DA65CE7B2D7AB881005A0CD6 /* PDFKit.framework */,
			);
			name = Frameworks;
			sourceTree = "<group>";
		};
/* End PBXGroup section */

/* Begin PBXNativeTarget section */
		DA65CE442D7AAEC8005A0CD6 /* MyStuff */ = {
			isa = PBXNativeTarget;
			buildConfigurationList = DA65CE692D7AAEC9005A0CD6 /* Build configuration list for PBXNativeTarget "MyStuff" */;
			buildPhases = (
				DA65CE412D7AAEC8005A0CD6 /* Sources */,
				DA65CE422D7AAEC8005A0CD6 /* Frameworks */,
				DA65CE432D7AAEC8005A0CD6 /* Resources */,
			);
			buildRules = (
			);
			dependencies = (
			);
			name = MyStuff;
			packageProductDependencies = (
			);
			productName = PhotoNote;
			productReference = DA65CE452D7AAEC8005A0CD6 /* MyStuff.app */;
			productType = "com.apple.product-type.application";
		};
		DA65CE542D7AAEC9005A0CD6 /* MyStuffTests */ = {
			isa = PBXNativeTarget;
			buildConfigurationList = DA65CE6C2D7AAEC9005A0CD6 /* Build configuration list for PBXNativeTarget "MyStuffTests" */;
			buildPhases = (
				DA65CE512D7AAEC9005A0CD6 /* Sources */,
				DA65CE522D7AAEC9005A0CD6 /* Frameworks */,
				DA65CE532D7AAEC9005A0CD6 /* Resources */,
			);
			buildRules = (
			);
			dependencies = (
				DA65CE572D7AAEC9005A0CD6 /* PBXTargetDependency */,
			);
			name = MyStuffTests;
			packageProductDependencies = (
			);
			productName = PhotoNoteTests;
			productReference = DA65CE552D7AAEC9005A0CD6 /* MyStuffTests.xctest */;
			productType = "com.apple.product-type.bundle.unit-test";
		};
		DA65CE5E2D7AAEC9005A0CD6 /* MyStuffUITests */ = {
			isa = PBXNativeTarget;
			buildConfigurationList = DA65CE6F2D7AAEC9005A0CD6 /* Build configuration list for PBXNativeTarget "MyStuffUITests" */;
			buildPhases = (
				DA65CE5B2D7AAEC9005A0CD6 /* Sources */,
				DA65CE5C2D7AAEC9005A0CD6 /* Frameworks */,
				DA65CE5D2D7AAEC9005A0CD6 /* Resources */,
			);
			buildRules = (
			);
			dependencies = (
				DA65CE612D7AAEC9005A0CD6 /* PBXTargetDependency */,
			);
			name = MyStuffUITests;
			packageProductDependencies = (
			);
			productName = PhotoNoteUITests;
			productReference = DA65CE5F2D7AAEC9005A0CD6 /* MyStuffUITests.xctest */;
			productType = "com.apple.product-type.bundle.ui-testing";
		};
/* End PBXNativeTarget section */

/* Begin PBXProject section */
		DA65CE3D2D7AAEC8005A0CD6 /* Project object */ = {
			isa = PBXProject;
			attributes = {
				BuildIndependentTargetsInParallel = 1;
				LastSwiftUpdateCheck = 1620;
				LastUpgradeCheck = 1620;
				TargetAttributes = {
					DA65CE442D7AAEC8005A0CD6 = {
						CreatedOnToolsVersion = 16.2;
					};
					DA65CE542D7AAEC9005A0CD6 = {
						CreatedOnToolsVersion = 16.2;
						TestTargetID = DA65CE442D7AAEC8005A0CD6;
					};
					DA65CE5E2D7AAEC9005A0CD6 = {
						CreatedOnToolsVersion = 16.2;
						TestTargetID = DA65CE442D7AAEC8005A0CD6;
					};
				};
			};
			buildConfigurationList = DA65CE402D7AAEC8005A0CD6 /* Build configuration list for PBXProject "MyStuff" */;
			developmentRegion = en;
			hasScannedForEncodings = 0;
			knownRegions = (
				en,
				Base,
			);
			mainGroup = DA65CE3C2D7AAEC8005A0CD6;
			minimizedProjectReferenceProxies = 1;
			preferredProjectObjectVersion = 77;
			productRefGroup = DA65CE462D7AAEC8005A0CD6 /* Products */;
			projectDirPath = "";
			projectRoot = "";
			targets = (
				DA65CE442D7AAEC8005A0CD6 /* MyStuff */,
				DA65CE542D7AAEC9005A0CD6 /* MyStuffTests */,
				DA65CE5E2D7AAEC9005A0CD6 /* MyStuffUITests */,
			);
		};
/* End PBXProject section */

/* Begin PBXResourcesBuildPhase section */
		DA65CE432D7AAEC8005A0CD6 /* Resources */ = {
			isa = PBXResourcesBuildPhase;
			buildActionMask = 2147483647;
			files = (
				DA5CB3082D7ABD3A00304BCF /* Preview Assets.xcassets in Resources */,
				DA5CB3092D7ABD3A00304BCF /* Assets.xcassets in Resources */,
			);
			runOnlyForDeploymentPostprocessing = 0;
		};
		DA65CE532D7AAEC9005A0CD6 /* Resources */ = {
			isa = PBXResourcesBuildPhase;
			buildActionMask = 2147483647;
			files = (
				DA5CB3202D7ABD3A00304BCF /* Preview Assets.xcassets in Resources */,
				DA5CB3212D7ABD3A00304BCF /* Assets.xcassets in Resources */,
			);
			runOnlyForDeploymentPostprocessing = 0;
		};
		DA65CE5D2D7AAEC9005A0CD6 /* Resources */ = {
			isa = PBXResourcesBuildPhase;
			buildActionMask = 2147483647;
			files = (
				DA5CB3142D7ABD3A00304BCF /* Preview Assets.xcassets in Resources */,
				DA5CB3152D7ABD3A00304BCF /* Assets.xcassets in Resources */,
			);
			runOnlyForDeploymentPostprocessing = 0;
		};
/* End PBXResourcesBuildPhase section */

/* Begin PBXSourcesBuildPhase section */
		DA65CE412D7AAEC8005A0CD6 /* Sources */ = {
			isa = PBXSourcesBuildPhase;
			buildActionMask = 2147483647;
			files = (
				D3EB232F2D7AD56600F4B7BC /* PhotoSourceSelector.swift in Sources */,
				DA5CB2FE2D7ABD3A00304BCF /* ContentView.swift in Sources */,
				DA5CB3002D7ABD3A00304BCF /* PhotoEntry.swift in Sources */,
				DA5CB3012D7ABD3A00304BCF /* ImagePicker.swift in Sources */,
				DA5CB3022D7ABD3A00304BCF /* MyStuffApp.swift in Sources */,
				DA5CB3032D7ABD3A00304BCF /* PDFGenerator.swift in Sources */,
				D3EB23952DA3AD2700F4B7BC /* ItemModel.swift in Sources */,
				D3EB233F2DA397C700F4B7BC /* OpenAIService.swift in Sources */,
				D3EB23452DA3980800F4B7BC /* AppSettings.swift in Sources */,
				DA5CB3052D7ABD3A00304BCF /* PhotoStore.swift in Sources */,
				D3EB239A2DA3AD4400F4B7BC /* ItemPriceListView.swift in Sources */,
				DA5CB3062D7ABD3A00304BCF /* ShareSheet.swift in Sources */,
				D3EB23382D7AD67900F4B7BC /* PhotoDetailView.swift in Sources */,
			);
			runOnlyForDeploymentPostprocessing = 0;
		};
		DA65CE512D7AAEC9005A0CD6 /* Sources */ = {
			isa = PBXSourcesBuildPhase;
			buildActionMask = 2147483647;
			files = (
				D3EB23312D7AD56600F4B7BC /* PhotoSourceSelector.swift in Sources */,
				DA5CB3162D7ABD3A00304BCF /* ContentView.swift in Sources */,
				DA5CB3182D7ABD3A00304BCF /* PhotoEntry.swift in Sources */,
				DA5CB3192D7ABD3A00304BCF /* ImagePicker.swift in Sources */,
				DA5CB31A2D7ABD3A00304BCF /* MyStuffApp.swift in Sources */,
				DA5CB31B2D7ABD3A00304BCF /* PDFGenerator.swift in Sources */,
				D3EB23972DA3AD2700F4B7BC /* ItemModel.swift in Sources */,
				D3EB23412DA397C700F4B7BC /* OpenAIService.swift in Sources */,
				D3EB23432DA3980800F4B7BC /* AppSettings.swift in Sources */,
				DA5CB31D2D7ABD3A00304BCF /* PhotoStore.swift in Sources */,
				D3EB23992DA3AD4400F4B7BC /* ItemPriceListView.swift in Sources */,
				DA5CB31E2D7ABD3A00304BCF /* ShareSheet.swift in Sources */,
				D3EB23392D7AD67900F4B7BC /* PhotoDetailView.swift in Sources */,
			);
			runOnlyForDeploymentPostprocessing = 0;
		};
		DA65CE5B2D7AAEC9005A0CD6 /* Sources */ = {
			isa = PBXSourcesBuildPhase;
			buildActionMask = 2147483647;
			files = (
				D3EB23302D7AD56600F4B7BC /* PhotoSourceSelector.swift in Sources */,
				DA5CB30A2D7ABD3A00304BCF /* ContentView.swift in Sources */,
				DA5CB30C2D7ABD3A00304BCF /* PhotoEntry.swift in Sources */,
				DA5CB30D2D7ABD3A00304BCF /* ImagePicker.swift in Sources */,
				DA5CB30E2D7ABD3A00304BCF /* MyStuffApp.swift in Sources */,
				DA5CB30F2D7ABD3A00304BCF /* PDFGenerator.swift in Sources */,
				D3EB23962DA3AD2700F4B7BC /* ItemModel.swift in Sources */,
				D3EB23402DA397C700F4B7BC /* OpenAIService.swift in Sources */,
				D3EB23442DA3980800F4B7BC /* AppSettings.swift in Sources */,
				DA5CB3112D7ABD3A00304BCF /* PhotoStore.swift in Sources */,
				D3EB239B2DA3AD4400F4B7BC /* ItemPriceListView.swift in Sources */,
				DA5CB3122D7ABD3A00304BCF /* ShareSheet.swift in Sources */,
				D3EB23372D7AD67900F4B7BC /* PhotoDetailView.swift in Sources */,
			);
			runOnlyForDeploymentPostprocessing = 0;
		};
/* End PBXSourcesBuildPhase section */

/* Begin PBXTargetDependency section */
		DA65CE572D7AAEC9005A0CD6 /* PBXTargetDependency */ = {
			isa = PBXTargetDependency;
			target = DA65CE442D7AAEC8005A0CD6 /* MyStuff */;
			targetProxy = DA65CE562D7AAEC9005A0CD6 /* PBXContainerItemProxy */;
		};
		DA65CE612D7AAEC9005A0CD6 /* PBXTargetDependency */ = {
			isa = PBXTargetDependency;
			target = DA65CE442D7AAEC8005A0CD6 /* MyStuff */;
			targetProxy = DA65CE602D7AAEC9005A0CD6 /* PBXContainerItemProxy */;
		};
/* End PBXTargetDependency section */

/* Begin XCBuildConfiguration section */
		DA65CE672D7AAEC9005A0CD6 /* Debug */ = {
			isa = XCBuildConfiguration;
			buildSettings = {
				ALWAYS_SEARCH_USER_PATHS = NO;
				ASSETCATALOG_COMPILER_GENERATE_SWIFT_ASSET_SYMBOL_EXTENSIONS = YES;
				CLANG_ANALYZER_NONNULL = YES;
				CLANG_ANALYZER_NUMBER_OBJECT_CONVERSION = YES_AGGRESSIVE;
				CLANG_CXX_LANGUAGE_STANDARD = "gnu++20";
				CLANG_ENABLE_MODULES = YES;
				CLANG_ENABLE_OBJC_ARC = YES;
				CLANG_ENABLE_OBJC_WEAK = YES;
				CLANG_WARN_BLOCK_CAPTURE_AUTORELEASING = YES;
				CLANG_WARN_BOOL_CONVERSION = YES;
				CLANG_WARN_COMMA = YES;
				CLANG_WARN_CONSTANT_CONVERSION = YES;
				CLANG_WARN_DEPRECATED_OBJC_IMPLEMENTATIONS = YES;
				CLANG_WARN_DIRECT_OBJC_ISA_USAGE = YES_ERROR;
				CLANG_WARN_DOCUMENTATION_COMMENTS = YES;
				CLANG_WARN_EMPTY_BODY = YES;
				CLANG_WARN_ENUM_CONVERSION = YES;
				CLANG_WARN_INFINITE_RECURSION = YES;
				CLANG_WARN_INT_CONVERSION = YES;
				CLANG_WARN_NON_LITERAL_NULL_CONVERSION = YES;
				CLANG_WARN_OBJC_IMPLICIT_RETAIN_SELF = YES;
				CLANG_WARN_OBJC_LITERAL_CONVERSION = YES;
				CLANG_WARN_OBJC_ROOT_CLASS = YES_ERROR;
				CLANG_WARN_QUOTED_INCLUDE_IN_FRAMEWORK_HEADER = YES;
				CLANG_WARN_RANGE_LOOP_ANALYSIS = YES;
				CLANG_WARN_STRICT_PROTOTYPES = YES;
				CLANG_WARN_SUSPICIOUS_MOVE = YES;
				CLANG_WARN_UNGUARDED_AVAILABILITY = YES_AGGRESSIVE;
				CLANG_WARN_UNREACHABLE_CODE = YES;
				CLANG_WARN__DUPLICATE_METHOD_MATCH = YES;
				COPY_PHASE_STRIP = NO;
				DEBUG_INFORMATION_FORMAT = dwarf;
				ENABLE_STRICT_OBJC_MSGSEND = YES;
				ENABLE_TESTABILITY = YES;
				ENABLE_USER_SCRIPT_SANDBOXING = YES;
				GCC_C_LANGUAGE_STANDARD = gnu17;
				GCC_DYNAMIC_NO_PIC = NO;
				GCC_NO_COMMON_BLOCKS = YES;
				GCC_OPTIMIZATION_LEVEL = 0;
				GCC_PREPROCESSOR_DEFINITIONS = (
					"DEBUG=1",
					"$(inherited)",
				);
				GCC_WARN_64_TO_32_BIT_CONVERSION = YES;
				GCC_WARN_ABOUT_RETURN_TYPE = YES_ERROR;
				GCC_WARN_UNDECLARED_SELECTOR = YES;
				GCC_WARN_UNINITIALIZED_AUTOS = YES_AGGRESSIVE;
				GCC_WARN_UNUSED_FUNCTION = YES;
				GCC_WARN_UNUSED_VARIABLE = YES;
				IPHONEOS_DEPLOYMENT_TARGET = 18.2;
				LOCALIZATION_PREFERS_STRING_CATALOGS = YES;
				MTL_ENABLE_DEBUG_INFO = INCLUDE_SOURCE;
				MTL_FAST_MATH = YES;
				ONLY_ACTIVE_ARCH = YES;
				SDKROOT = iphoneos;
				SWIFT_ACTIVE_COMPILATION_CONDITIONS = "DEBUG $(inherited)";
				SWIFT_OPTIMIZATION_LEVEL = "-Onone";
			};
			name = Debug;
		};
		DA65CE682D7AAEC9005A0CD6 /* Release */ = {
			isa = XCBuildConfiguration;
			buildSettings = {
				ALWAYS_SEARCH_USER_PATHS = NO;
				ASSETCATALOG_COMPILER_GENERATE_SWIFT_ASSET_SYMBOL_EXTENSIONS = YES;
				CLANG_ANALYZER_NONNULL = YES;
				CLANG_ANALYZER_NUMBER_OBJECT_CONVERSION = YES_AGGRESSIVE;
				CLANG_CXX_LANGUAGE_STANDARD = "gnu++20";
				CLANG_ENABLE_MODULES = YES;
				CLANG_ENABLE_OBJC_ARC = YES;
				CLANG_ENABLE_OBJC_WEAK = YES;
				CLANG_WARN_BLOCK_CAPTURE_AUTORELEASING = YES;
				CLANG_WARN_BOOL_CONVERSION = YES;
				CLANG_WARN_COMMA = YES;
				CLANG_WARN_CONSTANT_CONVERSION = YES;
				CLANG_WARN_DEPRECATED_OBJC_IMPLEMENTATIONS = YES;
				CLANG_WARN_DIRECT_OBJC_ISA_USAGE = YES_ERROR;
				CLANG_WARN_DOCUMENTATION_COMMENTS = YES;
				CLANG_WARN_EMPTY_BODY = YES;
				CLANG_WARN_ENUM_CONVERSION = YES;
				CLANG_WARN_INFINITE_RECURSION = YES;
				CLANG_WARN_INT_CONVERSION = YES;
				CLANG_WARN_NON_LITERAL_NULL_CONVERSION = YES;
				CLANG_WARN_OBJC_IMPLICIT_RETAIN_SELF = YES;
				CLANG_WARN_OBJC_LITERAL_CONVERSION = YES;
				CLANG_WARN_OBJC_ROOT_CLASS = YES_ERROR;
				CLANG_WARN_QUOTED_INCLUDE_IN_FRAMEWORK_HEADER = YES;
				CLANG_WARN_RANGE_LOOP_ANALYSIS = YES;
				CLANG_WARN_STRICT_PROTOTYPES = YES;
				CLANG_WARN_SUSPICIOUS_MOVE = YES;
				CLANG_WARN_UNGUARDED_AVAILABILITY = YES_AGGRESSIVE;
				CLANG_WARN_UNREACHABLE_CODE = YES;
				CLANG_WARN__DUPLICATE_METHOD_MATCH = YES;
				COPY_PHASE_STRIP = NO;
				DEBUG_INFORMATION_FORMAT = "dwarf-with-dsym";
				ENABLE_NS_ASSERTIONS = NO;
				ENABLE_STRICT_OBJC_MSGSEND = YES;
				ENABLE_USER_SCRIPT_SANDBOXING = YES;
				GCC_C_LANGUAGE_STANDARD = gnu17;
				GCC_NO_COMMON_BLOCKS = YES;
				GCC_WARN_64_TO_32_BIT_CONVERSION = YES;
				GCC_WARN_ABOUT_RETURN_TYPE = YES_ERROR;
				GCC_WARN_UNDECLARED_SELECTOR = YES;
				GCC_WARN_UNINITIALIZED_AUTOS = YES_AGGRESSIVE;
				GCC_WARN_UNUSED_FUNCTION = YES;
				GCC_WARN_UNUSED_VARIABLE = YES;
				IPHONEOS_DEPLOYMENT_TARGET = 18.2;
				LOCALIZATION_PREFERS_STRING_CATALOGS = YES;
				MTL_ENABLE_DEBUG_INFO = NO;
				MTL_FAST_MATH = YES;
				SDKROOT = iphoneos;
				SWIFT_COMPILATION_MODE = wholemodule;
				VALIDATE_PRODUCT = YES;
			};
			name = Release;
		};
		DA65CE6A2D7AAEC9005A0CD6 /* Debug */ = {
			isa = XCBuildConfiguration;
			buildSettings = {
				ASSETCATALOG_COMPILER_APPICON_NAME = AppIcon;
				ASSETCATALOG_COMPILER_GLOBAL_ACCENT_COLOR_NAME = AccentColor;
				CODE_SIGN_IDENTITY = "Apple Development";
				CODE_SIGN_STYLE = Automatic;
				CURRENT_PROJECT_VERSION = 1;
				DEVELOPMENT_ASSET_PATHS = "\"MyStuff/Preview Content\"";
				DEVELOPMENT_TEAM = UBAC5T49R6;
				ENABLE_PREVIEWS = YES;
				GENERATE_INFOPLIST_FILE = YES;
				INFOPLIST_KEY_NSCameraUsageDescription = "MyStuff needs access to your camera to take photos.";
				INFOPLIST_KEY_NSPhotoLibraryUsageDescription = "MyStuff needs access to your photo library to select photos.";
				INFOPLIST_KEY_UIApplicationSceneManifest_Generation = YES;
				INFOPLIST_KEY_UIApplicationSupportsIndirectInputEvents = YES;
				INFOPLIST_KEY_UILaunchScreen_Generation = YES;
				INFOPLIST_KEY_UISupportedInterfaceOrientations_iPad = "UIInterfaceOrientationPortrait UIInterfaceOrientationPortraitUpsideDown UIInterfaceOrientationLandscapeLeft UIInterfaceOrientationLandscapeRight";
				INFOPLIST_KEY_UISupportedInterfaceOrientations_iPhone = "UIInterfaceOrientationPortrait UIInterfaceOrientationLandscapeLeft UIInterfaceOrientationLandscapeRight";
				LD_RUNPATH_SEARCH_PATHS = (
					"$(inherited)",
					"@executable_path/Frameworks",
				);
				MARKETING_VERSION = 1.0;
				PRODUCT_BUNDLE_IDENTIFIER = com.mystuffteam.MyStuff;
				PRODUCT_NAME = "$(TARGET_NAME)";
				PROVISIONING_PROFILE_SPECIFIER = "";
				SWIFT_EMIT_LOC_STRINGS = YES;
				SWIFT_VERSION = 5.0;
				TARGETED_DEVICE_FAMILY = "1,2";
			};
			name = Debug;
		};
		DA65CE6B2D7AAEC9005A0CD6 /* Release */ = {
			isa = XCBuildConfiguration;
			buildSettings = {
				ASSETCATALOG_COMPILER_APPICON_NAME = AppIcon;
				ASSETCATALOG_COMPILER_GLOBAL_ACCENT_COLOR_NAME = AccentColor;
				CODE_SIGN_IDENTITY = "Apple Development";
				CODE_SIGN_STYLE = Automatic;
				CURRENT_PROJECT_VERSION = 1;
				DEVELOPMENT_ASSET_PATHS = "\"MyStuff/Preview Content\"";
				DEVELOPMENT_TEAM = UBAC5T49R6;
				ENABLE_PREVIEWS = YES;
				GENERATE_INFOPLIST_FILE = YES;
				INFOPLIST_KEY_NSCameraUsageDescription = "MyStuff needs access to your camera to take photos.";
				INFOPLIST_KEY_NSPhotoLibraryUsageDescription = "MyStuff needs access to your photo library to select photos.";
				INFOPLIST_KEY_UIApplicationSceneManifest_Generation = YES;
				INFOPLIST_KEY_UIApplicationSupportsIndirectInputEvents = YES;
				INFOPLIST_KEY_UILaunchScreen_Generation = YES;
				INFOPLIST_KEY_UISupportedInterfaceOrientations_iPad = "UIInterfaceOrientationPortrait UIInterfaceOrientationPortraitUpsideDown UIInterfaceOrientationLandscapeLeft UIInterfaceOrientationLandscapeRight";
				INFOPLIST_KEY_UISupportedInterfaceOrientations_iPhone = "UIInterfaceOrientationPortrait UIInterfaceOrientationLandscapeLeft UIInterfaceOrientationLandscapeRight";
				LD_RUNPATH_SEARCH_PATHS = (
					"$(inherited)",
					"@executable_path/Frameworks",
				);
				MARKETING_VERSION = 1.0;
				PRODUCT_BUNDLE_IDENTIFIER = com.mystuffteam.MyStuff;
				PRODUCT_NAME = "$(TARGET_NAME)";
				PROVISIONING_PROFILE_SPECIFIER = "";
				SWIFT_EMIT_LOC_STRINGS = YES;
				SWIFT_VERSION = 5.0;
				TARGETED_DEVICE_FAMILY = "1,2";
			};
			name = Release;
		};
		DA65CE6D2D7AAEC9005A0CD6 /* Debug */ = {
			isa = XCBuildConfiguration;
			buildSettings = {
				BUNDLE_LOADER = "$(TEST_HOST)";
				CODE_SIGN_STYLE = Automatic;
				CURRENT_PROJECT_VERSION = 1;
				DEVELOPMENT_TEAM = 28632DJ2BX;
				GENERATE_INFOPLIST_FILE = YES;
				IPHONEOS_DEPLOYMENT_TARGET = 18.2;
				MARKETING_VERSION = 1.0;
				PRODUCT_BUNDLE_IDENTIFIER = com.lauraworks.MyStuff;
				PRODUCT_NAME = "$(TARGET_NAME)";
				SWIFT_EMIT_LOC_STRINGS = NO;
				SWIFT_VERSION = 5.0;
				TARGETED_DEVICE_FAMILY = "1,2";
				TEST_HOST = "$(BUILT_PRODUCTS_DIR)/MyStuff.app/$(BUNDLE_EXECUTABLE_FOLDER_PATH)/MyStuff";
			};
			name = Debug;
		};
		DA65CE6E2D7AAEC9005A0CD6 /* Release */ = {
			isa = XCBuildConfiguration;
			buildSettings = {
				BUNDLE_LOADER = "$(TEST_HOST)";
				CODE_SIGN_STYLE = Automatic;
				CURRENT_PROJECT_VERSION = 1;
				DEVELOPMENT_TEAM = 28632DJ2BX;
				GENERATE_INFOPLIST_FILE = YES;
				IPHONEOS_DEPLOYMENT_TARGET = 18.2;
				MARKETING_VERSION = 1.0;
				PRODUCT_BUNDLE_IDENTIFIER = com.lauraworks.MyStuff;
				PRODUCT_NAME = "$(TARGET_NAME)";
				SWIFT_EMIT_LOC_STRINGS = NO;
				SWIFT_VERSION = 5.0;
				TARGETED_DEVICE_FAMILY = "1,2";
				TEST_HOST = "$(BUILT_PRODUCTS_DIR)/MyStuff.app/$(BUNDLE_EXECUTABLE_FOLDER_PATH)/MyStuff";
			};
			name = Release;
		};
		DA65CE702D7AAEC9005A0CD6 /* Debug */ = {
			isa = XCBuildConfiguration;
			buildSettings = {
				CODE_SIGN_STYLE = Automatic;
				CURRENT_PROJECT_VERSION = 1;
				GENERATE_INFOPLIST_FILE = YES;
				MARKETING_VERSION = 1.0;
				PRODUCT_BUNDLE_IDENTIFIER = com.lauraworks.PhotoNoteUITests;
				PRODUCT_NAME = "$(TARGET_NAME)";
				SWIFT_EMIT_LOC_STRINGS = NO;
				SWIFT_VERSION = 5.0;
				TARGETED_DEVICE_FAMILY = "1,2";
				TEST_TARGET_NAME = PhotoNote;
			};
			name = Debug;
		};
		DA65CE712D7AAEC9005A0CD6 /* Release */ = {
			isa = XCBuildConfiguration;
			buildSettings = {
				CODE_SIGN_STYLE = Automatic;
				CURRENT_PROJECT_VERSION = 1;
				GENERATE_INFOPLIST_FILE = YES;
				MARKETING_VERSION = 1.0;
				PRODUCT_BUNDLE_IDENTIFIER = com.lauraworks.PhotoNoteUITests;
				PRODUCT_NAME = "$(TARGET_NAME)";
				SWIFT_EMIT_LOC_STRINGS = NO;
				SWIFT_VERSION = 5.0;
				TARGETED_DEVICE_FAMILY = "1,2";
				TEST_TARGET_NAME = PhotoNote;
			};
			name = Release;
		};
/* End XCBuildConfiguration section */

/* Begin XCConfigurationList section */
		DA65CE402D7AAEC8005A0CD6 /* Build configuration list for PBXProject "MyStuff" */ = {
			isa = XCConfigurationList;
			buildConfigurations = (
				DA65CE672D7AAEC9005A0CD6 /* Debug */,
				DA65CE682D7AAEC9005A0CD6 /* Release */,
			);
			defaultConfigurationIsVisible = 0;
			defaultConfigurationName = Release;
		};
		DA65CE692D7AAEC9005A0CD6 /* Build configuration list for PBXNativeTarget "MyStuff" */ = {
			isa = XCConfigurationList;
			buildConfigurations = (
				DA65CE6A2D7AAEC9005A0CD6 /* Debug */,
				DA65CE6B2D7AAEC9005A0CD6 /* Release */,
			);
			defaultConfigurationIsVisible = 0;
			defaultConfigurationName = Release;
		};
		DA65CE6C2D7AAEC9005A0CD6 /* Build configuration list for PBXNativeTarget "MyStuffTests" */ = {
			isa = XCConfigurationList;
			buildConfigurations = (
				DA65CE6D2D7AAEC9005A0CD6 /* Debug */,
				DA65CE6E2D7AAEC9005A0CD6 /* Release */,
			);
			defaultConfigurationIsVisible = 0;
			defaultConfigurationName = Release;
		};
		DA65CE6F2D7AAEC9005A0CD6 /* Build configuration list for PBXNativeTarget "MyStuffUITests" */ = {
			isa = XCConfigurationList;
			buildConfigurations = (
				DA65CE702D7AAEC9005A0CD6 /* Debug */,
				DA65CE712D7AAEC9005A0CD6 /* Release */,
			);
			defaultConfigurationIsVisible = 0;
			defaultConfigurationName = Release;
		};
/* End XCConfigurationList section */
	};
	rootObject = DA65CE3D2D7AAEC8005A0CD6 /* Project object */;
}
